// !$*UTF8*$!
{
	archiveVersion = 1;
	classes = {
	};
	objectVersion = 46;
	objects = {

/* Begin PBXBuildFile section */
		468E85AF1D446F230049E825 /* AppDelegate.swift in Sources */ = {isa = PBXBuildFile; fileRef = 468E85AE1D446F230049E825 /* AppDelegate.swift */; };
		468E85B11D446F230049E825 /* ViewController.swift in Sources */ = {isa = PBXBuildFile; fileRef = 468E85B01D446F230049E825 /* ViewController.swift */; };
		468E85B41D446F230049E825 /* Main.storyboard in Resources */ = {isa = PBXBuildFile; fileRef = 468E85B21D446F230049E825 /* Main.storyboard */; };
		468E85B61D446F230049E825 /* Assets.xcassets in Resources */ = {isa = PBXBuildFile; fileRef = 468E85B51D446F230049E825 /* Assets.xcassets */; };
		468E85B91D446F230049E825 /* LaunchScreen.storyboard in Resources */ = {isa = PBXBuildFile; fileRef = 468E85B71D446F230049E825 /* LaunchScreen.storyboard */; };
		468E85C41D446F230049E825 /* pokevisionTests.swift in Sources */ = {isa = PBXBuildFile; fileRef = 468E85C31D446F230049E825 /* pokevisionTests.swift */; };
		468E85CF1D446F230049E825 /* pokevisionUITests.swift in Sources */ = {isa = PBXBuildFile; fileRef = 468E85CE1D446F230049E825 /* pokevisionUITests.swift */; };
		468E85DD1D44701A0049E825 /* MapKit.framework in Frameworks */ = {isa = PBXBuildFile; fileRef = 468E85DC1D44701A0049E825 /* MapKit.framework */; };
		468E85DF1D4474D50049E825 /* LocationManager.swift in Sources */ = {isa = PBXBuildFile; fileRef = 468E85DE1D4474D50049E825 /* LocationManager.swift */; };
		468E85E11D44A3850049E825 /* annview.swift in Sources */ = {isa = PBXBuildFile; fileRef = 468E85E01D44A3850049E825 /* annview.swift */; };
/* End PBXBuildFile section */

/* Begin PBXContainerItemProxy section */
		468E85C01D446F230049E825 /* PBXContainerItemProxy */ = {
			isa = PBXContainerItemProxy;
			containerPortal = 468E85A31D446F230049E825 /* Project object */;
			proxyType = 1;
			remoteGlobalIDString = 468E85AA1D446F230049E825;
			remoteInfo = pokevision;
		};
		468E85CB1D446F230049E825 /* PBXContainerItemProxy */ = {
			isa = PBXContainerItemProxy;
			containerPortal = 468E85A31D446F230049E825 /* Project object */;
			proxyType = 1;
			remoteGlobalIDString = 468E85AA1D446F230049E825;
			remoteInfo = pokevision;
		};
/* End PBXContainerItemProxy section */

/* Begin PBXFileReference section */
		468E85AB1D446F230049E825 /* pokevision.app */ = {isa = PBXFileReference; explicitFileType = wrapper.application; includeInIndex = 0; path = pokevision.app; sourceTree = BUILT_PRODUCTS_DIR; };
		468E85AE1D446F230049E825 /* AppDelegate.swift */ = {isa = PBXFileReference; lastKnownFileType = sourcecode.swift; path = AppDelegate.swift; sourceTree = "<group>"; };
		468E85B01D446F230049E825 /* ViewController.swift */ = {isa = PBXFileReference; lastKnownFileType = sourcecode.swift; path = ViewController.swift; sourceTree = "<group>"; };
		468E85B31D446F230049E825 /* Base */ = {isa = PBXFileReference; lastKnownFileType = file.storyboard; name = Base; path = Base.lproj/Main.storyboard; sourceTree = "<group>"; };
		468E85B51D446F230049E825 /* Assets.xcassets */ = {isa = PBXFileReference; lastKnownFileType = folder.assetcatalog; path = Assets.xcassets; sourceTree = "<group>"; };
		468E85B81D446F230049E825 /* Base */ = {isa = PBXFileReference; lastKnownFileType = file.storyboard; name = Base; path = Base.lproj/LaunchScreen.storyboard; sourceTree = "<group>"; };
		468E85BA1D446F230049E825 /* Info.plist */ = {isa = PBXFileReference; lastKnownFileType = text.plist.xml; path = Info.plist; sourceTree = "<group>"; };
		468E85BF1D446F230049E825 /* pokevisionTests.xctest */ = {isa = PBXFileReference; explicitFileType = wrapper.cfbundle; includeInIndex = 0; path = pokevisionTests.xctest; sourceTree = BUILT_PRODUCTS_DIR; };
		468E85C31D446F230049E825 /* pokevisionTests.swift */ = {isa = PBXFileReference; lastKnownFileType = sourcecode.swift; path = pokevisionTests.swift; sourceTree = "<group>"; };
		468E85C51D446F230049E825 /* Info.plist */ = {isa = PBXFileReference; lastKnownFileType = text.plist.xml; path = Info.plist; sourceTree = "<group>"; };
		468E85CA1D446F230049E825 /* pokevisionUITests.xctest */ = {isa = PBXFileReference; explicitFileType = wrapper.cfbundle; includeInIndex = 0; path = pokevisionUITests.xctest; sourceTree = BUILT_PRODUCTS_DIR; };
		468E85CE1D446F230049E825 /* pokevisionUITests.swift */ = {isa = PBXFileReference; lastKnownFileType = sourcecode.swift; path = pokevisionUITests.swift; sourceTree = "<group>"; };
		468E85D01D446F230049E825 /* Info.plist */ = {isa = PBXFileReference; lastKnownFileType = text.plist.xml; path = Info.plist; sourceTree = "<group>"; };
		468E85DC1D44701A0049E825 /* MapKit.framework */ = {isa = PBXFileReference; lastKnownFileType = wrapper.framework; name = MapKit.framework; path = System/Library/Frameworks/MapKit.framework; sourceTree = SDKROOT; };
		468E85DE1D4474D50049E825 /* LocationManager.swift */ = {isa = PBXFileReference; fileEncoding = 4; lastKnownFileType = sourcecode.swift; path = LocationManager.swift; sourceTree = "<group>"; };
		468E85E01D44A3850049E825 /* annview.swift */ = {isa = PBXFileReference; fileEncoding = 4; lastKnownFileType = sourcecode.swift; path = annview.swift; sourceTree = "<group>"; };
/* End PBXFileReference section */

/* Begin PBXFrameworksBuildPhase section */
		468E85A81D446F230049E825 /* Frameworks */ = {
			isa = PBXFrameworksBuildPhase;
			buildActionMask = 2147483647;
			files = (
				468E85DD1D44701A0049E825 /* MapKit.framework in Frameworks */,
			);
			runOnlyForDeploymentPostprocessing = 0;
		};
		468E85BC1D446F230049E825 /* Frameworks */ = {
			isa = PBXFrameworksBuildPhase;
			buildActionMask = 2147483647;
			files = (
			);
			runOnlyForDeploymentPostprocessing = 0;
		};
		468E85C71D446F230049E825 /* Frameworks */ = {
			isa = PBXFrameworksBuildPhase;
			buildActionMask = 2147483647;
			files = (
			);
			runOnlyForDeploymentPostprocessing = 0;
		};
/* End PBXFrameworksBuildPhase section */

/* Begin PBXGroup section */
		468E85A21D446F230049E825 = {
			isa = PBXGroup;
			children = (
				468E85DC1D44701A0049E825 /* MapKit.framework */,
				468E85AD1D446F230049E825 /* pokevision */,
				468E85C21D446F230049E825 /* pokevisionTests */,
				468E85CD1D446F230049E825 /* pokevisionUITests */,
				468E85AC1D446F230049E825 /* Products */,
			);
			sourceTree = "<group>";
		};
		468E85AC1D446F230049E825 /* Products */ = {
			isa = PBXGroup;
			children = (
				468E85AB1D446F230049E825 /* pokevision.app */,
				468E85BF1D446F230049E825 /* pokevisionTests.xctest */,
				468E85CA1D446F230049E825 /* pokevisionUITests.xctest */,
			);
			name = Products;
			sourceTree = "<group>";
		};
		468E85AD1D446F230049E825 /* pokevision */ = {
			isa = PBXGroup;
			children = (
				468E85DE1D4474D50049E825 /* LocationManager.swift */,
				468E85AE1D446F230049E825 /* AppDelegate.swift */,
				468E85B01D446F230049E825 /* ViewController.swift */,
				468E85B21D446F230049E825 /* Main.storyboard */,
				468E85B51D446F230049E825 /* Assets.xcassets */,
				468E85B71D446F230049E825 /* LaunchScreen.storyboard */,
				468E85BA1D446F230049E825 /* Info.plist */,
				468E85E01D44A3850049E825 /* annview.swift */,
			);
			path = pokevision;
			sourceTree = "<group>";
		};
		468E85C21D446F230049E825 /* pokevisionTests */ = {
			isa = PBXGroup;
			children = (
				468E85C31D446F230049E825 /* pokevisionTests.swift */,
				468E85C51D446F230049E825 /* Info.plist */,
			);
			path = pokevisionTests;
			sourceTree = "<group>";
		};
		468E85CD1D446F230049E825 /* pokevisionUITests */ = {
			isa = PBXGroup;
			children = (
				468E85CE1D446F230049E825 /* pokevisionUITests.swift */,
				468E85D01D446F230049E825 /* Info.plist */,
			);
			path = pokevisionUITests;
			sourceTree = "<group>";
		};
/* End PBXGroup section */

/* Begin PBXNativeTarget section */
		468E85AA1D446F230049E825 /* pokevision */ = {
			isa = PBXNativeTarget;
			buildConfigurationList = 468E85D31D446F230049E825 /* Build configuration list for PBXNativeTarget "pokevision" */;
			buildPhases = (
				468E85A71D446F230049E825 /* Sources */,
				468E85A81D446F230049E825 /* Frameworks */,
				468E85A91D446F230049E825 /* Resources */,
			);
			buildRules = (
			);
			dependencies = (
			);
			name = pokevision;
			productName = pokevision;
			productReference = 468E85AB1D446F230049E825 /* pokevision.app */;
			productType = "com.apple.product-type.application";
		};
		468E85BE1D446F230049E825 /* pokevisionTests */ = {
			isa = PBXNativeTarget;
			buildConfigurationList = 468E85D61D446F230049E825 /* Build configuration list for PBXNativeTarget "pokevisionTests" */;
			buildPhases = (
				468E85BB1D446F230049E825 /* Sources */,
				468E85BC1D446F230049E825 /* Frameworks */,
				468E85BD1D446F230049E825 /* Resources */,
			);
			buildRules = (
			);
			dependencies = (
				468E85C11D446F230049E825 /* PBXTargetDependency */,
			);
			name = pokevisionTests;
			productName = pokevisionTests;
			productReference = 468E85BF1D446F230049E825 /* pokevisionTests.xctest */;
			productType = "com.apple.product-type.bundle.unit-test";
		};
		468E85C91D446F230049E825 /* pokevisionUITests */ = {
			isa = PBXNativeTarget;
			buildConfigurationList = 468E85D91D446F230049E825 /* Build configuration list for PBXNativeTarget "pokevisionUITests" */;
			buildPhases = (
				468E85C61D446F230049E825 /* Sources */,
				468E85C71D446F230049E825 /* Frameworks */,
				468E85C81D446F230049E825 /* Resources */,
			);
			buildRules = (
			);
			dependencies = (
				468E85CC1D446F230049E825 /* PBXTargetDependency */,
			);
			name = pokevisionUITests;
			productName = pokevisionUITests;
			productReference = 468E85CA1D446F230049E825 /* pokevisionUITests.xctest */;
			productType = "com.apple.product-type.bundle.ui-testing";
		};
/* End PBXNativeTarget section */

/* Begin PBXProject section */
		468E85A31D446F230049E825 /* Project object */ = {
			isa = PBXProject;
			attributes = {
				LastSwiftUpdateCheck = 0730;
				LastUpgradeCheck = 0730;
				ORGANIZATIONNAME = "Hanghang Zhang";
				TargetAttributes = {
					468E85AA1D446F230049E825 = {
						CreatedOnToolsVersion = 7.3.1;
						DevelopmentTeam = PESUD694VF;
					};
					468E85BE1D446F230049E825 = {
						CreatedOnToolsVersion = 7.3.1;
						TestTargetID = 468E85AA1D446F230049E825;
					};
					468E85C91D446F230049E825 = {
						CreatedOnToolsVersion = 7.3.1;
						TestTargetID = 468E85AA1D446F230049E825;
					};
				};
			};
			buildConfigurationList = 468E85A61D446F230049E825 /* Build configuration list for PBXProject "pokevision" */;
			compatibilityVersion = "Xcode 3.2";
			developmentRegion = English;
			hasScannedForEncodings = 0;
			knownRegions = (
				en,
				Base,
			);
			mainGroup = 468E85A21D446F230049E825;
			productRefGroup = 468E85AC1D446F230049E825 /* Products */;
			projectDirPath = "";
			projectRoot = "";
			targets = (
				468E85AA1D446F230049E825 /* pokevision */,
				468E85BE1D446F230049E825 /* pokevisionTests */,
				468E85C91D446F230049E825 /* pokevisionUITests */,
			);
		};
/* End PBXProject section */

/* Begin PBXResourcesBuildPhase section */
		468E85A91D446F230049E825 /* Resources */ = {
			isa = PBXResourcesBuildPhase;
			buildActionMask = 2147483647;
			files = (
				468E85B91D446F230049E825 /* LaunchScreen.storyboard in Resources */,
				468E85B61D446F230049E825 /* Assets.xcassets in Resources */,
				468E85B41D446F230049E825 /* Main.storyboard in Resources */,
			);
			runOnlyForDeploymentPostprocessing = 0;
		};
		468E85BD1D446F230049E825 /* Resources */ = {
			isa = PBXResourcesBuildPhase;
			buildActionMask = 2147483647;
			files = (
			);
			runOnlyForDeploymentPostprocessing = 0;
		};
		468E85C81D446F230049E825 /* Resources */ = {
			isa = PBXResourcesBuildPhase;
			buildActionMask = 2147483647;
			files = (
			);
			runOnlyForDeploymentPostprocessing = 0;
		};
/* End PBXResourcesBuildPhase section */

/* Begin PBXSourcesBuildPhase section */
		468E85A71D446F230049E825 /* Sources */ = {
			isa = PBXSourcesBuildPhase;
			buildActionMask = 2147483647;
			files = (
				468E85E11D44A3850049E825 /* annview.swift in Sources */,
				468E85B11D446F230049E825 /* ViewController.swift in Sources */,
				468E85AF1D446F230049E825 /* AppDelegate.swift in Sources */,
				468E85DF1D4474D50049E825 /* LocationManager.swift in Sources */,
			);
			runOnlyForDeploymentPostprocessing = 0;
		};
		468E85BB1D446F230049E825 /* Sources */ = {
			isa = PBXSourcesBuildPhase;
			buildActionMask = 2147483647;
			files = (
				468E85C41D446F230049E825 /* pokevisionTests.swift in Sources */,
			);
			runOnlyForDeploymentPostprocessing = 0;
		};
		468E85C61D446F230049E825 /* Sources */ = {
			isa = PBXSourcesBuildPhase;
			buildActionMask = 2147483647;
			files = (
				468E85CF1D446F230049E825 /* pokevisionUITests.swift in Sources */,
			);
			runOnlyForDeploymentPostprocessing = 0;
		};
/* End PBXSourcesBuildPhase section */

/* Begin PBXTargetDependency section */
		468E85C11D446F230049E825 /* PBXTargetDependency */ = {
			isa = PBXTargetDependency;
			target = 468E85AA1D446F230049E825 /* pokevision */;
			targetProxy = 468E85C01D446F230049E825 /* PBXContainerItemProxy */;
		};
		468E85CC1D446F230049E825 /* PBXTargetDependency */ = {
			isa = PBXTargetDependency;
			target = 468E85AA1D446F230049E825 /* pokevision */;
			targetProxy = 468E85CB1D446F230049E825 /* PBXContainerItemProxy */;
		};
/* End PBXTargetDependency section */

/* Begin PBXVariantGroup section */
		468E85B21D446F230049E825 /* Main.storyboard */ = {
			isa = PBXVariantGroup;
			children = (
				468E85B31D446F230049E825 /* Base */,
			);
			name = Main.storyboard;
			sourceTree = "<group>";
		};
		468E85B71D446F230049E825 /* LaunchScreen.storyboard */ = {
			isa = PBXVariantGroup;
			children = (
				468E85B81D446F230049E825 /* Base */,
			);
			name = LaunchScreen.storyboard;
			sourceTree = "<group>";
		};
/* End PBXVariantGroup section */

/* Begin XCBuildConfiguration section */
		468E85D11D446F230049E825 /* Debug */ = {
			isa = XCBuildConfiguration;
			buildSettings = {
				ALWAYS_SEARCH_USER_PATHS = NO;
				CLANG_ANALYZER_NONNULL = YES;
				CLANG_CXX_LANGUAGE_STANDARD = "gnu++0x";
				CLANG_CXX_LIBRARY = "libc++";
				CLANG_ENABLE_MODULES = YES;
				CLANG_ENABLE_OBJC_ARC = YES;
				CLANG_WARN_BOOL_CONVERSION = YES;
				CLANG_WARN_CONSTANT_CONVERSION = YES;
				CLANG_WARN_DIRECT_OBJC_ISA_USAGE = YES_ERROR;
				CLANG_WARN_EMPTY_BODY = YES;
				CLANG_WARN_ENUM_CONVERSION = YES;
				CLANG_WARN_INT_CONVERSION = YES;
				CLANG_WARN_OBJC_ROOT_CLASS = YES_ERROR;
				CLANG_WARN_UNREACHABLE_CODE = YES;
				CLANG_WARN__DUPLICATE_METHOD_MATCH = YES;
				"CODE_SIGN_IDENTITY[sdk=iphoneos*]" = "iPhone Developer";
				COPY_PHASE_STRIP = NO;
				DEBUG_INFORMATION_FORMAT = dwarf;
				ENABLE_STRICT_OBJC_MSGSEND = YES;
				ENABLE_TESTABILITY = YES;
				GCC_C_LANGUAGE_STANDARD = gnu99;
				GCC_DYNAMIC_NO_PIC = NO;
				GCC_NO_COMMON_BLOCKS = YES;
				GCC_OPTIMIZATION_LEVEL = 0;
				GCC_PREPROCESSOR_DEFINITIONS = (
					"DEBUG=1",
					"$(inherited)",
				);
				GCC_WARN_64_TO_32_BIT_CONVERSION = YES;
				GCC_WARN_ABOUT_RETURN_TYPE = YES_ERROR;
				GCC_WARN_UNDECLARED_SELECTOR = YES;
				GCC_WARN_UNINITIALIZED_AUTOS = YES_AGGRESSIVE;
				GCC_WARN_UNUSED_FUNCTION = YES;
				GCC_WARN_UNUSED_VARIABLE = YES;
				IPHONEOS_DEPLOYMENT_TARGET = 9.3;
				MTL_ENABLE_DEBUG_INFO = YES;
				ONLY_ACTIVE_ARCH = YES;
				SDKROOT = iphoneos;
				SWIFT_OPTIMIZATION_LEVEL = "-Onone";
				TARGETED_DEVICE_FAMILY = "1,2";
			};
			name = Debug;
		};
		468E85D21D446F230049E825 /* Release */ = {
			isa = XCBuildConfiguration;
			buildSettings = {
				ALWAYS_SEARCH_USER_PATHS = NO;
				CLANG_ANALYZER_NONNULL = YES;
				CLANG_CXX_LANGUAGE_STANDARD = "gnu++0x";
				CLANG_CXX_LIBRARY = "libc++";
				CLANG_ENABLE_MODULES = YES;
				CLANG_ENABLE_OBJC_ARC = YES;
				CLANG_WARN_BOOL_CONVERSION = YES;
				CLANG_WARN_CONSTANT_CONVERSION = YES;
				CLANG_WARN_DIRECT_OBJC_ISA_USAGE = YES_ERROR;
				CLANG_WARN_EMPTY_BODY = YES;
				CLANG_WARN_ENUM_CONVERSION = YES;
				CLANG_WARN_INT_CONVERSION = YES;
				CLANG_WARN_OBJC_ROOT_CLASS = YES_ERROR;
				CLANG_WARN_UNREACHABLE_CODE = YES;
				CLANG_WARN__DUPLICATE_METHOD_MATCH = YES;
				"CODE_SIGN_IDENTITY[sdk=iphoneos*]" = "iPhone Developer";
				COPY_PHASE_STRIP = NO;
				DEBUG_INFORMATION_FORMAT = "dwarf-with-dsym";
				ENABLE_NS_ASSERTIONS = NO;
				ENABLE_STRICT_OBJC_MSGSEND = YES;
				GCC_C_LANGUAGE_STANDARD = gnu99;
				GCC_NO_COMMON_BLOCKS = YES;
				GCC_WARN_64_TO_32_BIT_CONVERSION = YES;
				GCC_WARN_ABOUT_RETURN_TYPE = YES_ERROR;
				GCC_WARN_UNDECLARED_SELECTOR = YES;
				GCC_WARN_UNINITIALIZED_AUTOS = YES_AGGRESSIVE;
				GCC_WARN_UNUSED_FUNCTION = YES;
				GCC_WARN_UNUSED_VARIABLE = YES;
				IPHONEOS_DEPLOYMENT_TARGET = 9.3;
				MTL_ENABLE_DEBUG_INFO = NO;
				SDKROOT = iphoneos;
				TARGETED_DEVICE_FAMILY = "1,2";
				VALIDATE_PRODUCT = YES;
			};
			name = Release;
		};
		468E85D41D446F230049E825 /* Debug */ = {
			isa = XCBuildConfiguration;
			buildSettings = {
				ASSETCATALOG_COMPILER_APPICON_NAME = AppIcon;
				CODE_SIGN_IDENTITY = "iPhone Developer";
				"CODE_SIGN_IDENTITY[sdk=iphoneos*]" = "iPhone Developer";
				INFOPLIST_FILE = pokevision/Info.plist;
				LD_RUNPATH_SEARCH_PATHS = "$(inherited) @executable_path/Frameworks";
				PRODUCT_BUNDLE_IDENTIFIER = sdf.pokevision;
				PRODUCT_NAME = "$(TARGET_NAME)";
				PROVISIONING_PROFILE = "";
			};
			name = Debug;
		};
		468E85D51D446F230049E825 /* Release */ = {
			isa = XCBuildConfiguration;
			buildSettings = {
				ASSETCATALOG_COMPILER_APPICON_NAME = AppIcon;
				CODE_SIGN_IDENTITY = "iPhone Developer";
				"CODE_SIGN_IDENTITY[sdk=iphoneos*]" = "iPhone Developer";
				INFOPLIST_FILE = pokevision/Info.plist;
				LD_RUNPATH_SEARCH_PATHS = "$(inherited) @executable_path/Frameworks";
				PRODUCT_BUNDLE_IDENTIFIER = sdf.pokevision;
				PRODUCT_NAME = "$(TARGET_NAME)";
				PROVISIONING_PROFILE = "";
			};
			name = Release;
		};
		468E85D71D446F230049E825 /* Debug */ = {
			isa = XCBuildConfiguration;
			buildSettings = {
				BUNDLE_LOADER = "$(TEST_HOST)";
				INFOPLIST_FILE = pokevisionTests/Info.plist;
				LD_RUNPATH_SEARCH_PATHS = "$(inherited) @executable_path/Frameworks @loader_path/Frameworks";
				PRODUCT_BUNDLE_IDENTIFIER = sdf.pokevisionTests;
				PRODUCT_NAME = "$(TARGET_NAME)";
				TEST_HOST = "$(BUILT_PRODUCTS_DIR)/pokevision.app/pokevision";
			};
			name = Debug;
		};
		468E85D81D446F230049E825 /* Release */ = {
			isa = XCBuildConfiguration;
			buildSettings = {
				BUNDLE_LOADER = "$(TEST_HOST)";
				INFOPLIST_FILE = pokevisionTests/Info.plist;
				LD_RUNPATH_SEARCH_PATHS = "$(inherited) @executable_path/Frameworks @loader_path/Frameworks";
				PRODUCT_BUNDLE_IDENTIFIER = sdf.pokevisionTests;
				PRODUCT_NAME = "$(TARGET_NAME)";
				TEST_HOST = "$(BUILT_PRODUCTS_DIR)/pokevision.app/pokevision";
			};
			name = Release;
		};
		468E85DA1D446F230049E825 /* Debug */ = {
			isa = XCBuildConfiguration;
			buildSettings = {
				INFOPLIST_FILE = pokevisionUITests/Info.plist;
				LD_RUNPATH_SEARCH_PATHS = "$(inherited) @executable_path/Frameworks @loader_path/Frameworks";
				PRODUCT_BUNDLE_IDENTIFIER = sdf.pokevisionUITests;
				PRODUCT_NAME = "$(TARGET_NAME)";
				TEST_TARGET_NAME = pokevision;
			};
			name = Debug;
		};
		468E85DB1D446F230049E825 /* Release */ = {
			isa = XCBuildConfiguration;
			buildSettings = {
				INFOPLIST_FILE = pokevisionUITests/Info.plist;
				LD_RUNPATH_SEARCH_PATHS = "$(inherited) @executable_path/Frameworks @loader_path/Frameworks";
				PRODUCT_BUNDLE_IDENTIFIER = sdf.pokevisionUITests;
				PRODUCT_NAME = "$(TARGET_NAME)";
				TEST_TARGET_NAME = pokevision;
			};
			name = Release;
		};
/* End XCBuildConfiguration section */

/* Begin XCConfigurationList section */
		468E85A61D446F230049E825 /* Build configuration list for PBXProject "pokevision" */ = {
			isa = XCConfigurationList;
			buildConfigurations = (
				468E85D11D446F230049E825 /* Debug */,
				468E85D21D446F230049E825 /* Release */,
			);
			defaultConfigurationIsVisible = 0;
			defaultConfigurationName = Release;
		};
		468E85D31D446F230049E825 /* Build configuration list for PBXNativeTarget "pokevision" */ = {
			isa = XCConfigurationList;
			buildConfigurations = (
				468E85D41D446F230049E825 /* Debug */,
				468E85D51D446F230049E825 /* Release */,
			);
			defaultConfigurationIsVisible = 0;
		};
		468E85D61D446F230049E825 /* Build configuration list for PBXNativeTarget "pokevisionTests" */ = {
			isa = XCConfigurationList;
			buildConfigurations = (
				468E85D71D446F230049E825 /* Debug */,
				468E85D81D446F230049E825 /* Release */,
			);
			defaultConfigurationIsVisible = 0;
		};
		468E85D91D446F230049E825 /* Build configuration list for PBXNativeTarget "pokevisionUITests" */ = {
			isa = XCConfigurationList;
			buildConfigurations = (
				468E85DA1D446F230049E825 /* Debug */,
				468E85DB1D446F230049E825 /* Release */,
			);
			defaultConfigurationIsVisible = 0;
		};
/* End XCConfigurationList section */
	};
	rootObject = 468E85A31D446F230049E825 /* Project object */;
}
